
Microsoft Visual Studio Solution File, Format Version 12.00
# Visual Studio 15
VisualStudioVersion = 15.0.26430.14
MinimumVisualStudioVersion = 10.0.40219.1
Project("{9A19103F-16F7-4668-BE54-9A1E7A4F7556}") = "BradApp", "BradApp\BradApp.csproj", "{91EC340C-D4A6-434C-BBC9-1CEBC175539B}"
EndProject
Project("{9A19103F-16F7-4668-BE54-9A1E7A4F7556}") = "BradConsola", "BradConsola\BradConsola.csproj", "{C32AAF8A-BE62-4848-88DF-D8C7F01A0C88}"
	ProjectSection(ProjectDependencies) = postProject
		{91EC340C-D4A6-434C-BBC9-1CEBC175539B} = {91EC340C-D4A6-434C-BBC9-1CEBC175539B}
	EndProjectSection
EndProject
Project("{2150E333-8FDC-42A3-9474-1A3956D46DE8}") = "Solution Items", "Solution Items", "{5D368A08-8B9B-4E45-9F9E-3B75577D6AEB}"
EndProject
Project("{9A19103F-16F7-4668-BE54-9A1E7A4F7556}") = "VecMat", "ClassLibrary1\VecMat.csproj", "{D3F364C2-A0B8-4A77-AFC1-46E14C5CE3A3}"
EndProject
Project("{FAE04EC0-301F-11D3-BF4B-00C04F79EFBC}") = "BradWeb", "BradWeb\BradWeb.csproj", "{CEDC7C93-08D5-4FB6-BA06-CD6760FD17F3}"
	ProjectSection(ProjectDependencies) = postProject
		{91EC340C-D4A6-434C-BBC9-1CEBC175539B} = {91EC340C-D4A6-434C-BBC9-1CEBC175539B}
		{D3F364C2-A0B8-4A77-AFC1-46E14C5CE3A3} = {D3F364C2-A0B8-4A77-AFC1-46E14C5CE3A3}
	EndProjectSection
EndProject
Global
	GlobalSection(SolutionConfigurationPlatforms) = preSolution
		Debug|Any CPU = Debug|Any CPU
		Release|Any CPU = Release|Any CPU
	EndGlobalSection
	GlobalSection(ProjectConfigurationPlatforms) = postSolution
		{91EC340C-D4A6-434C-BBC9-1CEBC175539B}.Debug|Any CPU.ActiveCfg = Debug|Any CPU
		{91EC340C-D4A6-434C-BBC9-1CEBC175539B}.Debug|Any CPU.Build.0 = Debug|Any CPU
		{91EC340C-D4A6-434C-BBC9-1CEBC175539B}.Release|Any CPU.ActiveCfg = Release|Any CPU
		{91EC340C-D4A6-434C-BBC9-1CEBC175539B}.Release|Any CPU.Build.0 = Release|Any CPU
		{C32AAF8A-BE62-4848-88DF-D8C7F01A0C88}.Debug|Any CPU.ActiveCfg = Debug|Any CPU
		{C32AAF8A-BE62-4848-88DF-D8C7F01A0C88}.Debug|Any CPU.Build.0 = Debug|Any CPU
		{C32AAF8A-BE62-4848-88DF-D8C7F01A0C88}.Release|Any CPU.ActiveCfg = Release|Any CPU
		{C32AAF8A-BE62-4848-88DF-D8C7F01A0C88}.Release|Any CPU.Build.0 = Release|Any CPU
		{D3F364C2-A0B8-4A77-AFC1-46E14C5CE3A3}.Debug|Any CPU.ActiveCfg = Debug|Any CPU
		{D3F364C2-A0B8-4A77-AFC1-46E14C5CE3A3}.Debug|Any CPU.Build.0 = Debug|Any CPU
		{D3F364C2-A0B8-4A77-AFC1-46E14C5CE3A3}.Release|Any CPU.ActiveCfg = Release|Any CPU
		{D3F364C2-A0B8-4A77-AFC1-46E14C5CE3A3}.Release|Any CPU.Build.0 = Release|Any CPU
		{CEDC7C93-08D5-4FB6-BA06-CD6760FD17F3}.Debug|Any CPU.ActiveCfg = Debug|Any CPU
		{CEDC7C93-08D5-4FB6-BA06-CD6760FD17F3}.Debug|Any CPU.Build.0 = Debug|Any CPU
		{CEDC7C93-08D5-4FB6-BA06-CD6760FD17F3}.Release|Any CPU.ActiveCfg = Release|Any CPU
		{CEDC7C93-08D5-4FB6-BA06-CD6760FD17F3}.Release|Any CPU.Build.0 = Release|Any CPU
	EndGlobalSection
	GlobalSection(SolutionProperties) = preSolution
		HideSolutionNode = FALSE
	EndGlobalSection
EndGlobal
